
Microsoft Visual Studio Solution File, Format Version 12.00
# Visual Studio Version 16
VisualStudioVersion = 16.0.30804.86
MinimumVisualStudioVersion = 10.0.40219.1
Project("{FAE04EC0-301F-11D3-BF4B-00C04F79EFBC}") = "AccountManangement", "AccountManangement\AccountManangement.csproj", "{65FD2C9B-5DBA-45FA-808A-0518D9CB5FCE}"
EndProject
Global
	GlobalSection(SolutionConfigurationPlatforms) = preSolution
		Debug|Any CPU = Debug|Any CPU
		Release|Any CPU = Release|Any CPU
	EndGlobalSection
	GlobalSection(ProjectConfigurationPlatforms) = postSolution
		{65FD2C9B-5DBA-45FA-808A-0518D9CB5FCE}.Debug|Any CPU.ActiveCfg = Debug|Any CPU
		{65FD2C9B-5DBA-45FA-808A-0518D9CB5FCE}.Debug|Any CPU.Build.0 = Debug|Any CPU
		{65FD2C9B-5DBA-45FA-808A-0518D9CB5FCE}.Release|Any CPU.ActiveCfg = Release|Any CPU
		{65FD2C9B-5DBA-45FA-808A-0518D9CB5FCE}.Release|Any CPU.Build.0 = Release|Any CPU
	EndGlobalSection
	GlobalSection(SolutionProperties) = preSolution
		HideSolutionNode = FALSE
	EndGlobalSection
	GlobalSection(ExtensibilityGlobals) = postSolution
		SolutionGuid = {DF9DA2CD-4AFA-4CD6-803B-2F743D054673}
	EndGlobalSection
EndGlobal
